{
  "requires": true,
  "lockfileVersion": 1,
  "dependencies": {
    "vant-weapp": {
      "version": "0.4.3",
      "resolved": "https://registry.npmjs.org/vant-weapp/-/vant-weapp-0.4.3.tgz",
      "integrity": "sha512-wraj520ZzoOmStECP7Y5i4nmXgq4FnnzJGpsCOcWWQ2jBOeGLZ/t0bKn+bWlbqk4ylz49qYZAbD6N4ZdEQO1aQ=="
    }
  }
}
